Microsoft Visual Studio Solution File, Format Version 12.00
Project("{FAE04EC0-301F-11D3-BF4B-00C04F79EFBC}") = "VisaDeviceBuilder", "VisaDeviceBuilder\VisaDeviceBuilder.csproj", "{FE2BCBBF-31F4-4E73-8D07-1496E5BEDEDA}"
EndProject
Project("{2150E333-8FDC-42A3-9474-1A3956D46DE8}") = "Common files", "Common files", "{C95F024B-7DBE-4EF9-AD7B-60962A92335F}"
ProjectSection(SolutionItems) = preProject
	.gitignore = .gitignore
EndProjectSection
EndProject
Global
	GlobalSection(SolutionConfigurationPlatforms) = preSolution
		Debug|Any CPU = Debug|Any CPU
		Release|Any CPU = Release|Any CPU
	EndGlobalSection
	GlobalSection(ProjectConfigurationPlatforms) = postSolution
		{FE2BCBBF-31F4-4E73-8D07-1496E5BEDEDA}.Debug|Any CPU.ActiveCfg = Debug|Any CPU
		{FE2BCBBF-31F4-4E73-8D07-1496E5BEDEDA}.Debug|Any CPU.Build.0 = Debug|Any CPU
		{FE2BCBBF-31F4-4E73-8D07-1496E5BEDEDA}.Release|Any CPU.ActiveCfg = Release|Any CPU
		{FE2BCBBF-31F4-4E73-8D07-1496E5BEDEDA}.Release|Any CPU.Build.0 = Release|Any CPU
	EndGlobalSection
EndGlobal
